{
  "requires": true,
  "lockfileVersion": 1,
  "dependencies": {
    "password-validator": {
      "version": "5.1.1",
      "resolved": "https://registry.npmjs.org/password-validator/-/password-validator-5.1.1.tgz",
      "integrity": "sha512-PsnXRlCHzZGviGro9iJXo76vj7Y7Txd0OyJhLsF4pCpsDn53iIuhX5h0mYr93KqkNrc7Htk4jocaYFGVjG/Ohw=="
    }
  }
}
